
Microsoft Visual Studio Solution File, Format Version 12.00
# Visual Studio Version 17
VisualStudioVersion = 17.10.35013.160
MinimumVisualStudioVersion = 10.0.40219.1
Project("{FAE04EC0-301F-11D3-BF4B-00C04F79EFBC}") = "Test1", "Test1\Test1.csproj", "{EFED9304-5283-4934-9C1B-E1BB5A01018C}"
EndProject
Global
	GlobalSection(SolutionConfigurationPlatforms) = preSolution
		Debug|Any CPU = Debug|Any CPU
		Release|Any CPU = Release|Any CPU
	EndGlobalSection
	GlobalSection(ProjectConfigurationPlatforms) = postSolution
		{EFED9304-5283-4934-9C1B-E1BB5A01018C}.Debug|Any CPU.ActiveCfg = Debug|Any CPU
		{EFED9304-5283-4934-9C1B-E1BB5A01018C}.Debug|Any CPU.Build.0 = Debug|Any CPU
		{EFED9304-5283-4934-9C1B-E1BB5A01018C}.Release|Any CPU.ActiveCfg = Release|Any CPU
		{EFED9304-5283-4934-9C1B-E1BB5A01018C}.Release|Any CPU.Build.0 = Release|Any CPU
	EndGlobalSection
	GlobalSection(SolutionProperties) = preSolution
		HideSolutionNode = FALSE
	EndGlobalSection
	GlobalSection(ExtensibilityGlobals) = postSolution
		SolutionGuid = {983BBE7C-D56E-4AEE-AAE5-A9B497BA10B2}
	EndGlobalSection
EndGlobal
